
Microsoft Visual Studio Solution File, Format Version 12.00
# Visual Studio 15
Project("{FAE04EC0-301F-11D3-BF4B-00C04F79EFBC}") = "New Unity Project (8)", "New Unity Project (8).csproj", "{89C90F69-78D3-C188-4D7B-84144F6C18DB}"
EndProject
Global
	GlobalSection(SolutionConfigurationPlatforms) = preSolution
		Debug|Any CPU = Debug|Any CPU
		Release|Any CPU = Release|Any CPU
	EndGlobalSection
	GlobalSection(ProjectConfigurationPlatforms) = postSolution
		{89C90F69-78D3-C188-4D7B-84144F6C18DB}.Debug|Any CPU.ActiveCfg = Debug|Any CPU
		{89C90F69-78D3-C188-4D7B-84144F6C18DB}.Debug|Any CPU.Build.0 = Debug|Any CPU
		{89C90F69-78D3-C188-4D7B-84144F6C18DB}.Release|Any CPU.ActiveCfg = Release|Any CPU
		{89C90F69-78D3-C188-4D7B-84144F6C18DB}.Release|Any CPU.Build.0 = Release|Any CPU
	EndGlobalSection
	GlobalSection(SolutionProperties) = preSolution
		HideSolutionNode = FALSE
	EndGlobalSection
EndGlobal
